
Microsoft Visual Studio Solution File, Format Version 12.00
# Visual Studio Version 16
VisualStudioVersion = 16.0.31105.61
MinimumVisualStudioVersion = 10.0.40219.1
Project("{888888A0-9F3D-457C-B088-3A5042F75D52}") = "FlaskProject", "FlaskProject.pyproj", "{B6A3638F-2F3D-46F0-8C60-E56150A2B4C7}"
EndProject
Global
	GlobalSection(SolutionConfigurationPlatforms) = preSolution
		Debug|Any CPU = Debug|Any CPU
		Release|Any CPU = Release|Any CPU
	EndGlobalSection
	GlobalSection(ProjectConfigurationPlatforms) = postSolution
		{B6A3638F-2F3D-46F0-8C60-E56150A2B4C7}.Debug|Any CPU.ActiveCfg = Debug|Any CPU
		{B6A3638F-2F3D-46F0-8C60-E56150A2B4C7}.Debug|Any CPU.Build.0 = Debug|Any CPU
		{B6A3638F-2F3D-46F0-8C60-E56150A2B4C7}.Release|Any CPU.ActiveCfg = Release|Any CPU
		{B6A3638F-2F3D-46F0-8C60-E56150A2B4C7}.Release|Any CPU.Build.0 = Release|Any CPU
	EndGlobalSection
	GlobalSection(SolutionProperties) = preSolution
		HideSolutionNode = FALSE
	EndGlobalSection
	GlobalSection(ExtensibilityGlobals) = postSolution
		SolutionGuid = {36C77E9D-61FE-4554-AA3C-9CDA4FD0F4E8}
	EndGlobalSection
EndGlobal
